
Microsoft Visual Studio Solution File, Format Version 12.00
# Visual Studio Version 16
VisualStudioVersion = 16.0.30804.86
MinimumVisualStudioVersion = 10.0.40219.1
Project("{9A19103F-16F7-4668-BE54-9A1E7A4F7556}") = "NSE.Carrinho.API", "src\services\NSE.Carrinho.API\NSE.Carrinho.API.csproj", "{A5645D40-7BD9-4105-9281-5007B78C04CD}"
EndProject
Project("{9A19103F-16F7-4668-BE54-9A1E7A4F7556}") = "NSE.Catalogo.API", "src\services\NSE.Catalogo.API\NSE.Catalogo.API.csproj", "{B9020F84-48A0-4667-B70B-4B03201555E0}"
EndProject
Project("{9A19103F-16F7-4668-BE54-9A1E7A4F7556}") = "NSE.Clientes.API", "src\services\NSE.Clientes.API\NSE.Clientes.API.csproj", "{D67342D5-8278-4252-B262-5B6432766651}"
EndProject
Project("{9A19103F-16F7-4668-BE54-9A1E7A4F7556}") = "NSE.Identidade.API", "src\services\NSE.Identidade.API\NSE.Identidade.API.csproj", "{0948502A-8AF2-41A1-AB1A-FBCF347367AC}"
EndProject
Project("{9A19103F-16F7-4668-BE54-9A1E7A4F7556}") = "NSE.Pagamento.API", "src\services\NSE.Pagamento.API\NSE.Pagamento.API.csproj", "{0645FF82-6050-4175-9F29-88576DFEE04F}"
EndProject
Project("{9A19103F-16F7-4668-BE54-9A1E7A4F7556}") = "NSE.Pedido.API", "src\services\NSE.Pedido\NSE.Pedido.API.csproj", "{EA8C9EEE-F7C4-48FD-A88C-7384C439E445}"
EndProject
Project("{2150E333-8FDC-42A3-9474-1A3956D46DE8}") = "Building Blocks", "Building Blocks", "{8070500A-8661-43CF-808D-2CE964D26BFD}"
EndProject
Project("{9A19103F-16F7-4668-BE54-9A1E7A4F7556}") = "NSE.Core", "src\building blocks\NSE.Core\NSE.Core.csproj", "{EB824BD7-66A8-42FC-95E8-9BEB6E2F4FFF}"
EndProject
Project("{9A19103F-16F7-4668-BE54-9A1E7A4F7556}") = "NSE.WebAPI.Core", "src\building blocks\NSE.WebAPI.Core\NSE.WebAPI.Core.csproj", "{2EB32664-A812-4EB0-AF5B-AA2ED3B40284}"
EndProject
Project("{2150E333-8FDC-42A3-9474-1A3956D46DE8}") = "Services", "Services", "{C26E4E79-081E-4B0E-BCF6-FD64828F7256}"
EndProject
Project("{2150E333-8FDC-42A3-9474-1A3956D46DE8}") = "Carrinho", "Carrinho", "{074B5137-D062-4986-A6FB-553BC4667C91}"
EndProject
Project("{2150E333-8FDC-42A3-9474-1A3956D46DE8}") = "Catalogo", "Catalogo", "{154E30C0-3C0E-4E7A-A2E9-622FE6341C84}"
EndProject
Project("{2150E333-8FDC-42A3-9474-1A3956D46DE8}") = "Clientes", "Clientes", "{1FA22B71-70EC-4839-9B2B-6B55802CBD18}"
EndProject
Project("{2150E333-8FDC-42A3-9474-1A3956D46DE8}") = "Identidade", "Identidade", "{4F81D4BA-1F49-476F-B17A-7009119884F9}"
EndProject
Project("{2150E333-8FDC-42A3-9474-1A3956D46DE8}") = "Pagamento", "Pagamento", "{80099121-9160-449B-B435-2407084C6651}"
EndProject
Project("{2150E333-8FDC-42A3-9474-1A3956D46DE8}") = "Pedido", "Pedido", "{F70EE80D-1570-48AE-A729-6CA4E06F60C7}"
EndProject
Project("{2150E333-8FDC-42A3-9474-1A3956D46DE8}") = "Web", "Web", "{2806FEFC-C0CA-4AB7-B10A-38B8AEED2D27}"
EndProject
Project("{9A19103F-16F7-4668-BE54-9A1E7A4F7556}") = "NSE.WebApp.MVC", "src\web\NSE.WebApp.MVC\NSE.WebApp.MVC.csproj", "{1BAF546C-18F5-4F29-AF32-14780360BC05}"
EndProject
Project("{2150E333-8FDC-42A3-9474-1A3956D46DE8}") = "Core", "Core", "{1DA22E3E-FCCB-4CBA-BF84-842F56E52AB1}"
EndProject
Project("{2150E333-8FDC-42A3-9474-1A3956D46DE8}") = "Services", "Services", "{72282542-DF1C-404A-931C-E92A1E71C647}"
EndProject
Global
	GlobalSection(SolutionConfigurationPlatforms) = preSolution
		Debug|Any CPU = Debug|Any CPU
		Release|Any CPU = Release|Any CPU
	EndGlobalSection
	GlobalSection(ProjectConfigurationPlatforms) = postSolution
		{A5645D40-7BD9-4105-9281-5007B78C04CD}.Debug|Any CPU.ActiveCfg = Debug|Any CPU
		{A5645D40-7BD9-4105-9281-5007B78C04CD}.Debug|Any CPU.Build.0 = Debug|Any CPU
		{A5645D40-7BD9-4105-9281-5007B78C04CD}.Release|Any CPU.ActiveCfg = Release|Any CPU
		{A5645D40-7BD9-4105-9281-5007B78C04CD}.Release|Any CPU.Build.0 = Release|Any CPU
		{B9020F84-48A0-4667-B70B-4B03201555E0}.Debug|Any CPU.ActiveCfg = Debug|Any CPU
		{B9020F84-48A0-4667-B70B-4B03201555E0}.Debug|Any CPU.Build.0 = Debug|Any CPU
		{B9020F84-48A0-4667-B70B-4B03201555E0}.Release|Any CPU.ActiveCfg = Release|Any CPU
		{B9020F84-48A0-4667-B70B-4B03201555E0}.Release|Any CPU.Build.0 = Release|Any CPU
		{D67342D5-8278-4252-B262-5B6432766651}.Debug|Any CPU.ActiveCfg = Debug|Any CPU
		{D67342D5-8278-4252-B262-5B6432766651}.Debug|Any CPU.Build.0 = Debug|Any CPU
		{D67342D5-8278-4252-B262-5B6432766651}.Release|Any CPU.ActiveCfg = Release|Any CPU
		{D67342D5-8278-4252-B262-5B6432766651}.Release|Any CPU.Build.0 = Release|Any CPU
		{0948502A-8AF2-41A1-AB1A-FBCF347367AC}.Debug|Any CPU.ActiveCfg = Debug|Any CPU
		{0948502A-8AF2-41A1-AB1A-FBCF347367AC}.Debug|Any CPU.Build.0 = Debug|Any CPU
		{0948502A-8AF2-41A1-AB1A-FBCF347367AC}.Release|Any CPU.ActiveCfg = Release|Any CPU
		{0948502A-8AF2-41A1-AB1A-FBCF347367AC}.Release|Any CPU.Build.0 = Release|Any CPU
		{0645FF82-6050-4175-9F29-88576DFEE04F}.Debug|Any CPU.ActiveCfg = Debug|Any CPU
		{0645FF82-6050-4175-9F29-88576DFEE04F}.Debug|Any CPU.Build.0 = Debug|Any CPU
		{0645FF82-6050-4175-9F29-88576DFEE04F}.Release|Any CPU.ActiveCfg = Release|Any CPU
		{0645FF82-6050-4175-9F29-88576DFEE04F}.Release|Any CPU.Build.0 = Release|Any CPU
		{EA8C9EEE-F7C4-48FD-A88C-7384C439E445}.Debug|Any CPU.ActiveCfg = Debug|Any CPU
		{EA8C9EEE-F7C4-48FD-A88C-7384C439E445}.Debug|Any CPU.Build.0 = Debug|Any CPU
		{EA8C9EEE-F7C4-48FD-A88C-7384C439E445}.Release|Any CPU.ActiveCfg = Release|Any CPU
		{EA8C9EEE-F7C4-48FD-A88C-7384C439E445}.Release|Any CPU.Build.0 = Release|Any CPU
		{EB824BD7-66A8-42FC-95E8-9BEB6E2F4FFF}.Debug|Any CPU.ActiveCfg = Debug|Any CPU
		{EB824BD7-66A8-42FC-95E8-9BEB6E2F4FFF}.Debug|Any CPU.Build.0 = Debug|Any CPU
		{EB824BD7-66A8-42FC-95E8-9BEB6E2F4FFF}.Release|Any CPU.ActiveCfg = Release|Any CPU
		{EB824BD7-66A8-42FC-95E8-9BEB6E2F4FFF}.Release|Any CPU.Build.0 = Release|Any CPU
		{2EB32664-A812-4EB0-AF5B-AA2ED3B40284}.Debug|Any CPU.ActiveCfg = Debug|Any CPU
		{2EB32664-A812-4EB0-AF5B-AA2ED3B40284}.Debug|Any CPU.Build.0 = Debug|Any CPU
		{2EB32664-A812-4EB0-AF5B-AA2ED3B40284}.Release|Any CPU.ActiveCfg = Release|Any CPU
		{2EB32664-A812-4EB0-AF5B-AA2ED3B40284}.Release|Any CPU.Build.0 = Release|Any CPU
		{1BAF546C-18F5-4F29-AF32-14780360BC05}.Debug|Any CPU.ActiveCfg = Debug|Any CPU
		{1BAF546C-18F5-4F29-AF32-14780360BC05}.Debug|Any CPU.Build.0 = Debug|Any CPU
		{1BAF546C-18F5-4F29-AF32-14780360BC05}.Release|Any CPU.ActiveCfg = Release|Any CPU
		{1BAF546C-18F5-4F29-AF32-14780360BC05}.Release|Any CPU.Build.0 = Release|Any CPU
	EndGlobalSection
	GlobalSection(SolutionProperties) = preSolution
		HideSolutionNode = FALSE
	EndGlobalSection
	GlobalSection(NestedProjects) = preSolution
		{A5645D40-7BD9-4105-9281-5007B78C04CD} = {074B5137-D062-4986-A6FB-553BC4667C91}
		{B9020F84-48A0-4667-B70B-4B03201555E0} = {154E30C0-3C0E-4E7A-A2E9-622FE6341C84}
		{D67342D5-8278-4252-B262-5B6432766651} = {1FA22B71-70EC-4839-9B2B-6B55802CBD18}
		{0948502A-8AF2-41A1-AB1A-FBCF347367AC} = {4F81D4BA-1F49-476F-B17A-7009119884F9}
		{0645FF82-6050-4175-9F29-88576DFEE04F} = {80099121-9160-449B-B435-2407084C6651}
		{EA8C9EEE-F7C4-48FD-A88C-7384C439E445} = {F70EE80D-1570-48AE-A729-6CA4E06F60C7}
		{EB824BD7-66A8-42FC-95E8-9BEB6E2F4FFF} = {1DA22E3E-FCCB-4CBA-BF84-842F56E52AB1}
		{2EB32664-A812-4EB0-AF5B-AA2ED3B40284} = {72282542-DF1C-404A-931C-E92A1E71C647}
		{074B5137-D062-4986-A6FB-553BC4667C91} = {C26E4E79-081E-4B0E-BCF6-FD64828F7256}
		{154E30C0-3C0E-4E7A-A2E9-622FE6341C84} = {C26E4E79-081E-4B0E-BCF6-FD64828F7256}
		{1FA22B71-70EC-4839-9B2B-6B55802CBD18} = {C26E4E79-081E-4B0E-BCF6-FD64828F7256}
		{4F81D4BA-1F49-476F-B17A-7009119884F9} = {C26E4E79-081E-4B0E-BCF6-FD64828F7256}
		{80099121-9160-449B-B435-2407084C6651} = {C26E4E79-081E-4B0E-BCF6-FD64828F7256}
		{F70EE80D-1570-48AE-A729-6CA4E06F60C7} = {C26E4E79-081E-4B0E-BCF6-FD64828F7256}
		{1BAF546C-18F5-4F29-AF32-14780360BC05} = {2806FEFC-C0CA-4AB7-B10A-38B8AEED2D27}
		{1DA22E3E-FCCB-4CBA-BF84-842F56E52AB1} = {8070500A-8661-43CF-808D-2CE964D26BFD}
		{72282542-DF1C-404A-931C-E92A1E71C647} = {8070500A-8661-43CF-808D-2CE964D26BFD}
	EndGlobalSection
	GlobalSection(ExtensibilityGlobals) = postSolution
		SolutionGuid = {7FE7F4D7-ABD2-4B03-9A8F-CABBAFCDFB05}
	EndGlobalSection
EndGlobal
